// !$*UTF8*$!
{
	archiveVersion = 1;
	classes = {
	};
	objectVersion = 51;
	objects = {

/* Begin PBXBuildFile section */
		047C771023CCF99200243862 /* ShowPostsViewController.swift in Sources */ = {isa = PBXBuildFile; fileRef = 047C770F23CCF99200243862 /* ShowPostsViewController.swift */; };
		047C771223CCFAD900243862 /* Post.swift in Sources */ = {isa = PBXBuildFile; fileRef = 047C771123CCFAD900243862 /* Post.swift */; };
		047C771423CCFC4600243862 /* ShowPostsRouter.swift in Sources */ = {isa = PBXBuildFile; fileRef = 047C771323CCFC4600243862 /* ShowPostsRouter.swift */; };
		047C771623CCFDB300243862 /* ShowPostsInteractor.swift in Sources */ = {isa = PBXBuildFile; fileRef = 047C771523CCFDB300243862 /* ShowPostsInteractor.swift */; };
		047C771823CCFE1C00243862 /* ShowPostsWorker.swift in Sources */ = {isa = PBXBuildFile; fileRef = 047C771723CCFE1C00243862 /* ShowPostsWorker.swift */; };
		047C771A23CCFF3200243862 /* ShowPostsPresenter.swift in Sources */ = {isa = PBXBuildFile; fileRef = 047C771923CCFF3200243862 /* ShowPostsPresenter.swift */; };
		047C771C23CDF4DE00243862 /* ShowPostsTableView.swift in Sources */ = {isa = PBXBuildFile; fileRef = 047C771B23CDF4DE00243862 /* ShowPostsTableView.swift */; };
		047C771E23CDF55C00243862 /* ViewCode.swift in Sources */ = {isa = PBXBuildFile; fileRef = 047C771D23CDF55C00243862 /* ViewCode.swift */; };
		047C772023CDF77000243862 /* ShowPostsConfigurator.swift in Sources */ = {isa = PBXBuildFile; fileRef = 047C771F23CDF77000243862 /* ShowPostsConfigurator.swift */; };
		047C772223CE318900243862 /* ShowPostTableViewCell.swift in Sources */ = {isa = PBXBuildFile; fileRef = 047C772123CE318900243862 /* ShowPostTableViewCell.swift */; };
		048E69FF23CCF5D50010BA67 /* AppDelegate.swift in Sources */ = {isa = PBXBuildFile; fileRef = 048E69FE23CCF5D50010BA67 /* AppDelegate.swift */; };
		048E6A0123CCF5D50010BA67 /* SceneDelegate.swift in Sources */ = {isa = PBXBuildFile; fileRef = 048E6A0023CCF5D50010BA67 /* SceneDelegate.swift */; };
		048E6A0823CCF5D60010BA67 /* Assets.xcassets in Resources */ = {isa = PBXBuildFile; fileRef = 048E6A0723CCF5D60010BA67 /* Assets.xcassets */; };
		048E6A0B23CCF5D60010BA67 /* LaunchScreen.storyboard in Resources */ = {isa = PBXBuildFile; fileRef = 048E6A0923CCF5D60010BA67 /* LaunchScreen.storyboard */; };
		048E6A1623CCF5D70010BA67 /* clean_swift_sampleTests.swift in Sources */ = {isa = PBXBuildFile; fileRef = 048E6A1523CCF5D70010BA67 /* clean_swift_sampleTests.swift */; };
		048E6A2123CCF5D70010BA67 /* clean_swift_sampleUITests.swift in Sources */ = {isa = PBXBuildFile; fileRef = 048E6A2023CCF5D70010BA67 /* clean_swift_sampleUITests.swift */; };
		0DB52EC2D4E1582A611ACB4C /* Pods_clean_swift_sample.framework in Frameworks */ = {isa = PBXBuildFile; fileRef = DC47D3548B9DF284AE2D4007 /* Pods_clean_swift_sample.framework */; };
		941F845F5018C6C9F56E41B6 /* Pods_clean_swift_sampleTests.framework in Frameworks */ = {isa = PBXBuildFile; fileRef = 049FCE9A603D081A72A61E29 /* Pods_clean_swift_sampleTests.framework */; };
		CF4C5CAA84B88988D07E2310 /* Pods_clean_swift_sample_clean_swift_sampleUITests.framework in Frameworks */ = {isa = PBXBuildFile; fileRef = 14562D77F297590B132F9779 /* Pods_clean_swift_sample_clean_swift_sampleUITests.framework */; };
/* End PBXBuildFile section */

/* Begin PBXContainerItemProxy section */
		048E6A1223CCF5D70010BA67 /* PBXContainerItemProxy */ = {
			isa = PBXContainerItemProxy;
			containerPortal = 048E69F323CCF5D50010BA67 /* Project object */;
			proxyType = 1;
			remoteGlobalIDString = 048E69FA23CCF5D50010BA67;
			remoteInfo = "clean-swift-sample";
		};
		048E6A1D23CCF5D70010BA67 /* PBXContainerItemProxy */ = {
			isa = PBXContainerItemProxy;
			containerPortal = 048E69F323CCF5D50010BA67 /* Project object */;
			proxyType = 1;
			remoteGlobalIDString = 048E69FA23CCF5D50010BA67;
			remoteInfo = "clean-swift-sample";
		};
/* End PBXContainerItemProxy section */

/* Begin PBXFileReference section */
		047C770F23CCF99200243862 /* ShowPostsViewController.swift */ = {isa = PBXFileReference; lastKnownFileType = sourcecode.swift; path = ShowPostsViewController.swift; sourceTree = "<group>"; };
		047C771123CCFAD900243862 /* Post.swift */ = {isa = PBXFileReference; lastKnownFileType = sourcecode.swift; path = Post.swift; sourceTree = "<group>"; };
		047C771323CCFC4600243862 /* ShowPostsRouter.swift */ = {isa = PBXFileReference; lastKnownFileType = sourcecode.swift; path = ShowPostsRouter.swift; sourceTree = "<group>"; };
		047C771523CCFDB300243862 /* ShowPostsInteractor.swift */ = {isa = PBXFileReference; lastKnownFileType = sourcecode.swift; path = ShowPostsInteractor.swift; sourceTree = "<group>"; };
		047C771723CCFE1C00243862 /* ShowPostsWorker.swift */ = {isa = PBXFileReference; lastKnownFileType = sourcecode.swift; path = ShowPostsWorker.swift; sourceTree = "<group>"; };
		047C771923CCFF3200243862 /* ShowPostsPresenter.swift */ = {isa = PBXFileReference; lastKnownFileType = sourcecode.swift; path = ShowPostsPresenter.swift; sourceTree = "<group>"; };
		047C771B23CDF4DE00243862 /* ShowPostsTableView.swift */ = {isa = PBXFileReference; lastKnownFileType = sourcecode.swift; path = ShowPostsTableView.swift; sourceTree = "<group>"; };
		047C771D23CDF55C00243862 /* ViewCode.swift */ = {isa = PBXFileReference; lastKnownFileType = sourcecode.swift; path = ViewCode.swift; sourceTree = "<group>"; };
		047C771F23CDF77000243862 /* ShowPostsConfigurator.swift */ = {isa = PBXFileReference; lastKnownFileType = sourcecode.swift; path = ShowPostsConfigurator.swift; sourceTree = "<group>"; };
		047C772123CE318900243862 /* ShowPostTableViewCell.swift */ = {isa = PBXFileReference; lastKnownFileType = sourcecode.swift; path = ShowPostTableViewCell.swift; sourceTree = "<group>"; };
		048E69FB23CCF5D50010BA67 /* clean-swift-sample.app */ = {isa = PBXFileReference; explicitFileType = wrapper.application; includeInIndex = 0; path = "clean-swift-sample.app"; sourceTree = BUILT_PRODUCTS_DIR; };
		048E69FE23CCF5D50010BA67 /* AppDelegate.swift */ = {isa = PBXFileReference; lastKnownFileType = sourcecode.swift; path = AppDelegate.swift; sourceTree = "<group>"; };
		048E6A0023CCF5D50010BA67 /* SceneDelegate.swift */ = {isa = PBXFileReference; lastKnownFileType = sourcecode.swift; path = SceneDelegate.swift; sourceTree = "<group>"; };
		048E6A0723CCF5D60010BA67 /* Assets.xcassets */ = {isa = PBXFileReference; lastKnownFileType = folder.assetcatalog; path = Assets.xcassets; sourceTree = "<group>"; };
		048E6A0A23CCF5D60010BA67 /* Base */ = {isa = PBXFileReference; lastKnownFileType = file.storyboard; name = Base; path = Base.lproj/LaunchScreen.storyboard; sourceTree = "<group>"; };
		048E6A0C23CCF5D60010BA67 /* Info.plist */ = {isa = PBXFileReference; lastKnownFileType = text.plist.xml; path = Info.plist; sourceTree = "<group>"; };
		048E6A1123CCF5D70010BA67 /* clean-swift-sampleTests.xctest */ = {isa = PBXFileReference; explicitFileType = wrapper.cfbundle; includeInIndex = 0; path = "clean-swift-sampleTests.xctest"; sourceTree = BUILT_PRODUCTS_DIR; };
		048E6A1523CCF5D70010BA67 /* clean_swift_sampleTests.swift */ = {isa = PBXFileReference; lastKnownFileType = sourcecode.swift; path = clean_swift_sampleTests.swift; sourceTree = "<group>"; };
		048E6A1723CCF5D70010BA67 /* Info.plist */ = {isa = PBXFileReference; lastKnownFileType = text.plist.xml; path = Info.plist; sourceTree = "<group>"; };
		048E6A1C23CCF5D70010BA67 /* clean-swift-sampleUITests.xctest */ = {isa = PBXFileReference; explicitFileType = wrapper.cfbundle; includeInIndex = 0; path = "clean-swift-sampleUITests.xctest"; sourceTree = BUILT_PRODUCTS_DIR; };
		048E6A2023CCF5D70010BA67 /* clean_swift_sampleUITests.swift */ = {isa = PBXFileReference; lastKnownFileType = sourcecode.swift; path = clean_swift_sampleUITests.swift; sourceTree = "<group>"; };
		048E6A2223CCF5D70010BA67 /* Info.plist */ = {isa = PBXFileReference; lastKnownFileType = text.plist.xml; path = Info.plist; sourceTree = "<group>"; };
		049FCE9A603D081A72A61E29 /* Pods_clean_swift_sampleTests.framework */ = {isa = PBXFileReference; explicitFileType = wrapper.framework; includeInIndex = 0; path = Pods_clean_swift_sampleTests.framework; sourceTree = BUILT_PRODUCTS_DIR; };
		1209CC39AFE785E66915EE69 /* Pods-clean-swift-sample-clean-swift-sampleUITests.debug.xcconfig */ = {isa = PBXFileReference; includeInIndex = 1; lastKnownFileType = text.xcconfig; name = "Pods-clean-swift-sample-clean-swift-sampleUITests.debug.xcconfig"; path = "Target Support Files/Pods-clean-swift-sample-clean-swift-sampleUITests/Pods-clean-swift-sample-clean-swift-sampleUITests.debug.xcconfig"; sourceTree = "<group>"; };
		14562D77F297590B132F9779 /* Pods_clean_swift_sample_clean_swift_sampleUITests.framework */ = {isa = PBXFileReference; explicitFileType = wrapper.framework; includeInIndex = 0; path = Pods_clean_swift_sample_clean_swift_sampleUITests.framework; sourceTree = BUILT_PRODUCTS_DIR; };
		2FA1D9CD5902FD21B56661B5 /* Pods-clean-swift-sample.debug.xcconfig */ = {isa = PBXFileReference; includeInIndex = 1; lastKnownFileType = text.xcconfig; name = "Pods-clean-swift-sample.debug.xcconfig"; path = "Target Support Files/Pods-clean-swift-sample/Pods-clean-swift-sample.debug.xcconfig"; sourceTree = "<group>"; };
		3CA4A41EA5B243F0FECF8765 /* Pods-clean-swift-sample.release.xcconfig */ = {isa = PBXFileReference; includeInIndex = 1; lastKnownFileType = text.xcconfig; name = "Pods-clean-swift-sample.release.xcconfig"; path = "Target Support Files/Pods-clean-swift-sample/Pods-clean-swift-sample.release.xcconfig"; sourceTree = "<group>"; };
		3F402F3B51E8A27200DC70A7 /* Pods-clean-swift-sampleTests.debug.xcconfig */ = {isa = PBXFileReference; includeInIndex = 1; lastKnownFileType = text.xcconfig; name = "Pods-clean-swift-sampleTests.debug.xcconfig"; path = "Target Support Files/Pods-clean-swift-sampleTests/Pods-clean-swift-sampleTests.debug.xcconfig"; sourceTree = "<group>"; };
		42009152D58E6F42F3716D9B /* Pods-clean-swift-sampleTests.release.xcconfig */ = {isa = PBXFileReference; includeInIndex = 1; lastKnownFileType = text.xcconfig; name = "Pods-clean-swift-sampleTests.release.xcconfig"; path = "Target Support Files/Pods-clean-swift-sampleTests/Pods-clean-swift-sampleTests.release.xcconfig"; sourceTree = "<group>"; };
		C99B32647F61D69E4258C285 /* Pods-clean-swift-sample-clean-swift-sampleUITests.release.xcconfig */ = {isa = PBXFileReference; includeInIndex = 1; lastKnownFileType = text.xcconfig; name = "Pods-clean-swift-sample-clean-swift-sampleUITests.release.xcconfig"; path = "Target Support Files/Pods-clean-swift-sample-clean-swift-sampleUITests/Pods-clean-swift-sample-clean-swift-sampleUITests.release.xcconfig"; sourceTree = "<group>"; };
		DC47D3548B9DF284AE2D4007 /* Pods_clean_swift_sample.framework */ = {isa = PBXFileReference; explicitFileType = wrapper.framework; includeInIndex = 0; path = Pods_clean_swift_sample.framework; sourceTree = BUILT_PRODUCTS_DIR; };
/* End PBXFileReference section */

/* Begin PBXFrameworksBuildPhase section */
		048E69F823CCF5D50010BA67 /* Frameworks */ = {
			isa = PBXFrameworksBuildPhase;
			buildActionMask = 2147483647;
			files = (
				0DB52EC2D4E1582A611ACB4C /* Pods_clean_swift_sample.framework in Frameworks */,
			);
			runOnlyForDeploymentPostprocessing = 0;
		};
		048E6A0E23CCF5D70010BA67 /* Frameworks */ = {
			isa = PBXFrameworksBuildPhase;
			buildActionMask = 2147483647;
			files = (
				941F845F5018C6C9F56E41B6 /* Pods_clean_swift_sampleTests.framework in Frameworks */,
			);
			runOnlyForDeploymentPostprocessing = 0;
		};
		048E6A1923CCF5D70010BA67 /* Frameworks */ = {
			isa = PBXFrameworksBuildPhase;
			buildActionMask = 2147483647;
			files = (
				CF4C5CAA84B88988D07E2310 /* Pods_clean_swift_sample_clean_swift_sampleUITests.framework in Frameworks */,
			);
			runOnlyForDeploymentPostprocessing = 0;
		};
/* End PBXFrameworksBuildPhase section */

/* Begin PBXGroup section */
		047C770C23CCF8E100243862 /* Scenes */ = {
			isa = PBXGroup;
			children = (
				047C770D23CCF8F900243862 /* Posts */,
			);
			path = Scenes;
			sourceTree = "<group>";
		};
		047C770D23CCF8F900243862 /* Posts */ = {
			isa = PBXGroup;
			children = (
				047C770E23CCF91600243862 /* ShowPosts */,
			);
			path = Posts;
			sourceTree = "<group>";
		};
		047C770E23CCF91600243862 /* ShowPosts */ = {
			isa = PBXGroup;
			children = (
				047C770F23CCF99200243862 /* ShowPostsViewController.swift */,
				047C771F23CDF77000243862 /* ShowPostsConfigurator.swift */,
				047C771B23CDF4DE00243862 /* ShowPostsTableView.swift */,
				047C771523CCFDB300243862 /* ShowPostsInteractor.swift */,
				047C771923CCFF3200243862 /* ShowPostsPresenter.swift */,
				047C772123CE318900243862 /* ShowPostTableViewCell.swift */,
				047C771723CCFE1C00243862 /* ShowPostsWorker.swift */,
				047C771323CCFC4600243862 /* ShowPostsRouter.swift */,
				047C771123CCFAD900243862 /* Post.swift */,
				047C771D23CDF55C00243862 /* ViewCode.swift */,
			);
			path = ShowPosts;
			sourceTree = "<group>";
		};
		048E69F223CCF5D50010BA67 = {
			isa = PBXGroup;
			children = (
				048E69FD23CCF5D50010BA67 /* clean-swift-sample */,
				048E6A1423CCF5D70010BA67 /* clean-swift-sampleTests */,
				048E6A1F23CCF5D70010BA67 /* clean-swift-sampleUITests */,
				048E69FC23CCF5D50010BA67 /* Products */,
				6E700129C023CF0776C02BC3 /* Pods */,
				932219D21A66694F02969F8E /* Frameworks */,
			);
			sourceTree = "<group>";
		};
		048E69FC23CCF5D50010BA67 /* Products */ = {
			isa = PBXGroup;
			children = (
				048E69FB23CCF5D50010BA67 /* clean-swift-sample.app */,
				048E6A1123CCF5D70010BA67 /* clean-swift-sampleTests.xctest */,
				048E6A1C23CCF5D70010BA67 /* clean-swift-sampleUITests.xctest */,
			);
			name = Products;
			sourceTree = "<group>";
		};
		048E69FD23CCF5D50010BA67 /* clean-swift-sample */ = {
			isa = PBXGroup;
			children = (
				047C770C23CCF8E100243862 /* Scenes */,
				048E69FE23CCF5D50010BA67 /* AppDelegate.swift */,
				048E6A0023CCF5D50010BA67 /* SceneDelegate.swift */,
				048E6A0723CCF5D60010BA67 /* Assets.xcassets */,
				048E6A0923CCF5D60010BA67 /* LaunchScreen.storyboard */,
				048E6A0C23CCF5D60010BA67 /* Info.plist */,
			);
			path = "clean-swift-sample";
			sourceTree = "<group>";
		};
		048E6A1423CCF5D70010BA67 /* clean-swift-sampleTests */ = {
			isa = PBXGroup;
			children = (
				048E6A1523CCF5D70010BA67 /* clean_swift_sampleTests.swift */,
				048E6A1723CCF5D70010BA67 /* Info.plist */,
			);
			path = "clean-swift-sampleTests";
			sourceTree = "<group>";
		};
		048E6A1F23CCF5D70010BA67 /* clean-swift-sampleUITests */ = {
			isa = PBXGroup;
			children = (
				048E6A2023CCF5D70010BA67 /* clean_swift_sampleUITests.swift */,
				048E6A2223CCF5D70010BA67 /* Info.plist */,
			);
			path = "clean-swift-sampleUITests";
			sourceTree = "<group>";
		};
		6E700129C023CF0776C02BC3 /* Pods */ = {
			isa = PBXGroup;
			children = (
				2FA1D9CD5902FD21B56661B5 /* Pods-clean-swift-sample.debug.xcconfig */,
				3CA4A41EA5B243F0FECF8765 /* Pods-clean-swift-sample.release.xcconfig */,
				1209CC39AFE785E66915EE69 /* Pods-clean-swift-sample-clean-swift-sampleUITests.debug.xcconfig */,
				C99B32647F61D69E4258C285 /* Pods-clean-swift-sample-clean-swift-sampleUITests.release.xcconfig */,
				3F402F3B51E8A27200DC70A7 /* Pods-clean-swift-sampleTests.debug.xcconfig */,
				42009152D58E6F42F3716D9B /* Pods-clean-swift-sampleTests.release.xcconfig */,
			);
			path = Pods;
			sourceTree = "<group>";
		};
		932219D21A66694F02969F8E /* Frameworks */ = {
			isa = PBXGroup;
			children = (
				DC47D3548B9DF284AE2D4007 /* Pods_clean_swift_sample.framework */,
				14562D77F297590B132F9779 /* Pods_clean_swift_sample_clean_swift_sampleUITests.framework */,
				049FCE9A603D081A72A61E29 /* Pods_clean_swift_sampleTests.framework */,
			);
			name = Frameworks;
			sourceTree = "<group>";
		};
/* End PBXGroup section */

/* Begin PBXNativeTarget section */
		048E69FA23CCF5D50010BA67 /* clean-swift-sample */ = {
			isa = PBXNativeTarget;
			buildConfigurationList = 048E6A2523CCF5D70010BA67 /* Build configuration list for PBXNativeTarget "clean-swift-sample" */;
			buildPhases = (
				1878347CEAED4608A4EE91F6 /* [CP] Check Pods Manifest.lock */,
				048E69F723CCF5D50010BA67 /* Sources */,
				048E69F823CCF5D50010BA67 /* Frameworks */,
				048E69F923CCF5D50010BA67 /* Resources */,
				CCF47A441463980419B21FF8 /* [CP] Embed Pods Frameworks */,
			);
			buildRules = (
			);
			dependencies = (
			);
			name = "clean-swift-sample";
			productName = "clean-swift-sample";
			productReference = 048E69FB23CCF5D50010BA67 /* clean-swift-sample.app */;
			productType = "com.apple.product-type.application";
		};
		048E6A1023CCF5D70010BA67 /* clean-swift-sampleTests */ = {
			isa = PBXNativeTarget;
			buildConfigurationList = 048E6A2823CCF5D70010BA67 /* Build configuration list for PBXNativeTarget "clean-swift-sampleTests" */;
			buildPhases = (
				1C0E891BC6254A4C5EBFB11A /* [CP] Check Pods Manifest.lock */,
				048E6A0D23CCF5D70010BA67 /* Sources */,
				048E6A0E23CCF5D70010BA67 /* Frameworks */,
				048E6A0F23CCF5D70010BA67 /* Resources */,
				E4207107E0A025A0D4DA2755 /* [CP] Embed Pods Frameworks */,
			);
			buildRules = (
			);
			dependencies = (
				048E6A1323CCF5D70010BA67 /* PBXTargetDependency */,
			);
			name = "clean-swift-sampleTests";
			productName = "clean-swift-sampleTests";
			productReference = 048E6A1123CCF5D70010BA67 /* clean-swift-sampleTests.xctest */;
			productType = "com.apple.product-type.bundle.unit-test";
		};
		048E6A1B23CCF5D70010BA67 /* clean-swift-sampleUITests */ = {
			isa = PBXNativeTarget;
			buildConfigurationList = 048E6A2B23CCF5D70010BA67 /* Build configuration list for PBXNativeTarget "clean-swift-sampleUITests" */;
			buildPhases = (
				4C1F2E617DADD86AB633224D /* [CP] Check Pods Manifest.lock */,
				048E6A1823CCF5D70010BA67 /* Sources */,
				048E6A1923CCF5D70010BA67 /* Frameworks */,
				048E6A1A23CCF5D70010BA67 /* Resources */,
				11CA320AB6A6BCD4720FF901 /* [CP] Embed Pods Frameworks */,
			);
			buildRules = (
			);
			dependencies = (
				048E6A1E23CCF5D70010BA67 /* PBXTargetDependency */,
			);
			name = "clean-swift-sampleUITests";
			productName = "clean-swift-sampleUITests";
			productReference = 048E6A1C23CCF5D70010BA67 /* clean-swift-sampleUITests.xctest */;
			productType = "com.apple.product-type.bundle.ui-testing";
		};
/* End PBXNativeTarget section */

/* Begin PBXProject section */
		048E69F323CCF5D50010BA67 /* Project object */ = {
			isa = PBXProject;
			attributes = {
				LastSwiftUpdateCheck = 1130;
				LastUpgradeCheck = 1130;
				ORGANIZATIONNAME = mac;
				TargetAttributes = {
					048E69FA23CCF5D50010BA67 = {
						CreatedOnToolsVersion = 11.3;
					};
					048E6A1023CCF5D70010BA67 = {
						CreatedOnToolsVersion = 11.3;
						TestTargetID = 048E69FA23CCF5D50010BA67;
					};
					048E6A1B23CCF5D70010BA67 = {
						CreatedOnToolsVersion = 11.3;
						TestTargetID = 048E69FA23CCF5D50010BA67;
					};
				};
			};
			buildConfigurationList = 048E69F623CCF5D50010BA67 /* Build configuration list for PBXProject "clean-swift-sample" */;
			compatibilityVersion = "Xcode 9.3";
			developmentRegion = en;
			hasScannedForEncodings = 0;
			knownRegions = (
				en,
				Base,
			);
			mainGroup = 048E69F223CCF5D50010BA67;
			productRefGroup = 048E69FC23CCF5D50010BA67 /* Products */;
			projectDirPath = "";
			projectRoot = "";
			targets = (
				048E69FA23CCF5D50010BA67 /* clean-swift-sample */,
				048E6A1023CCF5D70010BA67 /* clean-swift-sampleTests */,
				048E6A1B23CCF5D70010BA67 /* clean-swift-sampleUITests */,
			);
		};
/* End PBXProject section */

/* Begin PBXResourcesBuildPhase section */
		048E69F923CCF5D50010BA67 /* Resources */ = {
			isa = PBXResourcesBuildPhase;
			buildActionMask = 2147483647;
			files = (
				048E6A0B23CCF5D60010BA67 /* LaunchScreen.storyboard in Resources */,
				048E6A0823CCF5D60010BA67 /* Assets.xcassets in Resources */,
			);
			runOnlyForDeploymentPostprocessing = 0;
		};
		048E6A0F23CCF5D70010BA67 /* Resources */ = {
			isa = PBXResourcesBuildPhase;
			buildActionMask = 2147483647;
			files = (
			);
			runOnlyForDeploymentPostprocessing = 0;
		};
		048E6A1A23CCF5D70010BA67 /* Resources */ = {
			isa = PBXResourcesBuildPhase;
			buildActionMask = 2147483647;
			files = (
			);
			runOnlyForDeploymentPostprocessing = 0;
		};
/* End PBXResourcesBuildPhase section */

/* Begin PBXShellScriptBuildPhase section */
		11CA320AB6A6BCD4720FF901 /* [CP] Embed Pods Frameworks */ = {
			isa = PBXShellScriptBuildPhase;
			buildActionMask = 2147483647;
			files = (
			);
			inputFileListPaths = (
				"${PODS_ROOT}/Target Support Files/Pods-clean-swift-sample-clean-swift-sampleUITests/Pods-clean-swift-sample-clean-swift-sampleUITests-frameworks-${CONFIGURATION}-input-files.xcfilelist",
			);
			name = "[CP] Embed Pods Frameworks";
			outputFileListPaths = (
				"${PODS_ROOT}/Target Support Files/Pods-clean-swift-sample-clean-swift-sampleUITests/Pods-clean-swift-sample-clean-swift-sampleUITests-frameworks-${CONFIGURATION}-output-files.xcfilelist",
			);
			runOnlyForDeploymentPostprocessing = 0;
			shellPath = /bin/sh;
			shellScript = "\"${PODS_ROOT}/Target Support Files/Pods-clean-swift-sample-clean-swift-sampleUITests/Pods-clean-swift-sample-clean-swift-sampleUITests-frameworks.sh\"\n";
			showEnvVarsInLog = 0;
		};
		1878347CEAED4608A4EE91F6 /* [CP] Check Pods Manifest.lock */ = {
			isa = PBXShellScriptBuildPhase;
			buildActionMask = 2147483647;
			files = (
			);
			inputFileListPaths = (
			);
			inputPaths = (
				"${PODS_PODFILE_DIR_PATH}/Podfile.lock",
				"${PODS_ROOT}/Manifest.lock",
			);
			name = "[CP] Check Pods Manifest.lock";
			outputFileListPaths = (
			);
			outputPaths = (
				"$(DERIVED_FILE_DIR)/Pods-clean-swift-sample-checkManifestLockResult.txt",
			);
			runOnlyForDeploymentPostprocessing = 0;
			shellPath = /bin/sh;
			shellScript = "diff \"${PODS_PODFILE_DIR_PATH}/Podfile.lock\" \"${PODS_ROOT}/Manifest.lock\" > /dev/null\nif [ $? != 0 ] ; then\n    # print error to STDERR\n    echo \"error: The sandbox is not in sync with the Podfile.lock. Run 'pod install' or update your CocoaPods installation.\" >&2\n    exit 1\nfi\n# This output is used by Xcode 'outputs' to avoid re-running this script phase.\necho \"SUCCESS\" > \"${SCRIPT_OUTPUT_FILE_0}\"\n";
			showEnvVarsInLog = 0;
		};
		1C0E891BC6254A4C5EBFB11A /* [CP] Check Pods Manifest.lock */ = {
			isa = PBXShellScriptBuildPhase;
			buildActionMask = 2147483647;
			files = (
			);
			inputFileListPaths = (
			);
			inputPaths = (
				"${PODS_PODFILE_DIR_PATH}/Podfile.lock",
				"${PODS_ROOT}/Manifest.lock",
			);
			name = "[CP] Check Pods Manifest.lock";
			outputFileListPaths = (
			);
			outputPaths = (
				"$(DERIVED_FILE_DIR)/Pods-clean-swift-sampleTests-checkManifestLockResult.txt",
			);
			runOnlyForDeploymentPostprocessing = 0;
			shellPath = /bin/sh;
			shellScript = "diff \"${PODS_PODFILE_DIR_PATH}/Podfile.lock\" \"${PODS_ROOT}/Manifest.lock\" > /dev/null\nif [ $? != 0 ] ; then\n    # print error to STDERR\n    echo \"error: The sandbox is not in sync with the Podfile.lock. Run 'pod install' or update your CocoaPods installation.\" >&2\n    exit 1\nfi\n# This output is used by Xcode 'outputs' to avoid re-running this script phase.\necho \"SUCCESS\" > \"${SCRIPT_OUTPUT_FILE_0}\"\n";
			showEnvVarsInLog = 0;
		};
		4C1F2E617DADD86AB633224D /* [CP] Check Pods Manifest.lock */ = {
			isa = PBXShellScriptBuildPhase;
			buildActionMask = 2147483647;
			files = (
			);
			inputFileListPaths = (
			);
			inputPaths = (
				"${PODS_PODFILE_DIR_PATH}/Podfile.lock",
				"${PODS_ROOT}/Manifest.lock",
			);
			name = "[CP] Check Pods Manifest.lock";
			outputFileListPaths = (
			);
			outputPaths = (
				"$(DERIVED_FILE_DIR)/Pods-clean-swift-sample-clean-swift-sampleUITests-checkManifestLockResult.txt",
			);
			runOnlyForDeploymentPostprocessing = 0;
			shellPath = /bin/sh;
			shellScript = "diff \"${PODS_PODFILE_DIR_PATH}/Podfile.lock\" \"${PODS_ROOT}/Manifest.lock\" > /dev/null\nif [ $? != 0 ] ; then\n    # print error to STDERR\n    echo \"error: The sandbox is not in sync with the Podfile.lock. Run 'pod install' or update your CocoaPods installation.\" >&2\n    exit 1\nfi\n# This output is used by Xcode 'outputs' to avoid re-running this script phase.\necho \"SUCCESS\" > \"${SCRIPT_OUTPUT_FILE_0}\"\n";
			showEnvVarsInLog = 0;
		};
		CCF47A441463980419B21FF8 /* [CP] Embed Pods Frameworks */ = {
			isa = PBXShellScriptBuildPhase;
			buildActionMask = 2147483647;
			files = (
			);
			inputFileListPaths = (
				"${PODS_ROOT}/Target Support Files/Pods-clean-swift-sample/Pods-clean-swift-sample-frameworks-${CONFIGURATION}-input-files.xcfilelist",
			);
			name = "[CP] Embed Pods Frameworks";
			outputFileListPaths = (
				"${PODS_ROOT}/Target Support Files/Pods-clean-swift-sample/Pods-clean-swift-sample-frameworks-${CONFIGURATION}-output-files.xcfilelist",
			);
			runOnlyForDeploymentPostprocessing = 0;
			shellPath = /bin/sh;
			shellScript = "\"${PODS_ROOT}/Target Support Files/Pods-clean-swift-sample/Pods-clean-swift-sample-frameworks.sh\"\n";
			showEnvVarsInLog = 0;
		};
		E4207107E0A025A0D4DA2755 /* [CP] Embed Pods Frameworks */ = {
			isa = PBXShellScriptBuildPhase;
			buildActionMask = 2147483647;
			files = (
			);
			inputFileListPaths = (
				"${PODS_ROOT}/Target Support Files/Pods-clean-swift-sampleTests/Pods-clean-swift-sampleTests-frameworks-${CONFIGURATION}-input-files.xcfilelist",
			);
			name = "[CP] Embed Pods Frameworks";
			outputFileListPaths = (
				"${PODS_ROOT}/Target Support Files/Pods-clean-swift-sampleTests/Pods-clean-swift-sampleTests-frameworks-${CONFIGURATION}-output-files.xcfilelist",
			);
			runOnlyForDeploymentPostprocessing = 0;
			shellPath = /bin/sh;
			shellScript = "\"${PODS_ROOT}/Target Support Files/Pods-clean-swift-sampleTests/Pods-clean-swift-sampleTests-frameworks.sh\"\n";
			showEnvVarsInLog = 0;
		};
/* End PBXShellScriptBuildPhase section */

/* Begin PBXSourcesBuildPhase section */
		048E69F723CCF5D50010BA67 /* Sources */ = {
			isa = PBXSourcesBuildPhase;
			buildActionMask = 2147483647;
			files = (
				047C771C23CDF4DE00243862 /* ShowPostsTableView.swift in Sources */,
				047C771623CCFDB300243862 /* ShowPostsInteractor.swift in Sources */,
				047C771423CCFC4600243862 /* ShowPostsRouter.swift in Sources */,
				047C771023CCF99200243862 /* ShowPostsViewController.swift in Sources */,
				047C772023CDF77000243862 /* ShowPostsConfigurator.swift in Sources */,
				047C771823CCFE1C00243862 /* ShowPostsWorker.swift in Sources */,
				048E69FF23CCF5D50010BA67 /* AppDelegate.swift in Sources */,
				048E6A0123CCF5D50010BA67 /* SceneDelegate.swift in Sources */,
				047C772223CE318900243862 /* ShowPostTableViewCell.swift in Sources */,
				047C771E23CDF55C00243862 /* ViewCode.swift in Sources */,
				047C771A23CCFF3200243862 /* ShowPostsPresenter.swift in Sources */,
				047C771223CCFAD900243862 /* Post.swift in Sources */,
			);
			runOnlyForDeploymentPostprocessing = 0;
		};
		048E6A0D23CCF5D70010BA67 /* Sources */ = {
			isa = PBXSourcesBuildPhase;
			buildActionMask = 2147483647;
			files = (
				048E6A1623CCF5D70010BA67 /* clean_swift_sampleTests.swift in Sources */,
			);
			runOnlyForDeploymentPostprocessing = 0;
		};
		048E6A1823CCF5D70010BA67 /* Sources */ = {
			isa = PBXSourcesBuildPhase;
			buildActionMask = 2147483647;
			files = (
				048E6A2123CCF5D70010BA67 /* clean_swift_sampleUITests.swift in Sources */,
			);
			runOnlyForDeploymentPostprocessing = 0;
		};
/* End PBXSourcesBuildPhase section */

/* Begin PBXTargetDependency section */
		048E6A1323CCF5D70010BA67 /* PBXTargetDependency */ = {
			isa = PBXTargetDependency;
			target = 048E69FA23CCF5D50010BA67 /* clean-swift-sample */;
			targetProxy = 048E6A1223CCF5D70010BA67 /* PBXContainerItemProxy */;
		};
		048E6A1E23CCF5D70010BA67 /* PBXTargetDependency */ = {
			isa = PBXTargetDependency;
			target = 048E69FA23CCF5D50010BA67 /* clean-swift-sample */;
			targetProxy = 048E6A1D23CCF5D70010BA67 /* PBXContainerItemProxy */;
		};
/* End PBXTargetDependency section */

/* Begin PBXVariantGroup section */
		048E6A0923CCF5D60010BA67 /* LaunchScreen.storyboard */ = {
			isa = PBXVariantGroup;
			children = (
				048E6A0A23CCF5D60010BA67 /* Base */,
			);
			name = LaunchScreen.storyboard;
			sourceTree = "<group>";
		};
/* End PBXVariantGroup section */

/* Begin XCBuildConfiguration section */
		048E6A2323CCF5D70010BA67 /* Debug */ = {
			isa = XCBuildConfiguration;
			buildSettings = {
				ALWAYS_SEARCH_USER_PATHS = NO;
				CLANG_ANALYZER_NONNULL = YES;
				CLANG_ANALYZER_NUMBER_OBJECT_CONVERSION = YES_AGGRESSIVE;
				CLANG_CXX_LANGUAGE_STANDARD = "gnu++14";
				CLANG_CXX_LIBRARY = "libc++";
				CLANG_ENABLE_MODULES = YES;
				CLANG_ENABLE_OBJC_ARC = YES;
				CLANG_ENABLE_OBJC_WEAK = YES;
				CLANG_WARN_BLOCK_CAPTURE_AUTORELEASING = YES;
				CLANG_WARN_BOOL_CONVERSION = YES;
				CLANG_WARN_COMMA = YES;
				CLANG_WARN_CONSTANT_CONVERSION = YES;
				CLANG_WARN_DEPRECATED_OBJC_IMPLEMENTATIONS = YES;
				CLANG_WARN_DIRECT_OBJC_ISA_USAGE = YES_ERROR;
				CLANG_WARN_DOCUMENTATION_COMMENTS = YES;
				CLANG_WARN_EMPTY_BODY = YES;
				CLANG_WARN_ENUM_CONVERSION = YES;
				CLANG_WARN_INFINITE_RECURSION = YES;
				CLANG_WARN_INT_CONVERSION = YES;
				CLANG_WARN_NON_LITERAL_NULL_CONVERSION = YES;
				CLANG_WARN_OBJC_IMPLICIT_RETAIN_SELF = YES;
				CLANG_WARN_OBJC_LITERAL_CONVERSION = YES;
				CLANG_WARN_OBJC_ROOT_CLASS = YES_ERROR;
				CLANG_WARN_RANGE_LOOP_ANALYSIS = YES;
				CLANG_WARN_STRICT_PROTOTYPES = YES;
				CLANG_WARN_SUSPICIOUS_MOVE = YES;
				CLANG_WARN_UNGUARDED_AVAILABILITY = YES_AGGRESSIVE;
				CLANG_WARN_UNREACHABLE_CODE = YES;
				CLANG_WARN__DUPLICATE_METHOD_MATCH = YES;
				COPY_PHASE_STRIP = NO;
				DEBUG_INFORMATION_FORMAT = dwarf;
				ENABLE_STRICT_OBJC_MSGSEND = YES;
				ENABLE_TESTABILITY = YES;
				GCC_C_LANGUAGE_STANDARD = gnu11;
				GCC_DYNAMIC_NO_PIC = NO;
				GCC_NO_COMMON_BLOCKS = YES;
				GCC_OPTIMIZATION_LEVEL = 0;
				GCC_PREPROCESSOR_DEFINITIONS = (
					"DEBUG=1",
					"$(inherited)",
				);
				GCC_WARN_64_TO_32_BIT_CONVERSION = YES;
				GCC_WARN_ABOUT_RETURN_TYPE = YES_ERROR;
				GCC_WARN_UNDECLARED_SELECTOR = YES;
				GCC_WARN_UNINITIALIZED_AUTOS = YES_AGGRESSIVE;
				GCC_WARN_UNUSED_FUNCTION = YES;
				GCC_WARN_UNUSED_VARIABLE = YES;
				IPHONEOS_DEPLOYMENT_TARGET = 13.2;
				MTL_ENABLE_DEBUG_INFO = INCLUDE_SOURCE;
				MTL_FAST_MATH = YES;
				ONLY_ACTIVE_ARCH = YES;
				SDKROOT = iphoneos;
				SWIFT_ACTIVE_COMPILATION_CONDITIONS = DEBUG;
				SWIFT_OPTIMIZATION_LEVEL = "-Onone";
			};
			name = Debug;
		};
		048E6A2423CCF5D70010BA67 /* Release */ = {
			isa = XCBuildConfiguration;
			buildSettings = {
				ALWAYS_SEARCH_USER_PATHS = NO;
				CLANG_ANALYZER_NONNULL = YES;
				CLANG_ANALYZER_NUMBER_OBJECT_CONVERSION = YES_AGGRESSIVE;
				CLANG_CXX_LANGUAGE_STANDARD = "gnu++14";
				CLANG_CXX_LIBRARY = "libc++";
				CLANG_ENABLE_MODULES = YES;
				CLANG_ENABLE_OBJC_ARC = YES;
				CLANG_ENABLE_OBJC_WEAK = YES;
				CLANG_WARN_BLOCK_CAPTURE_AUTORELEASING = YES;
				CLANG_WARN_BOOL_CONVERSION = YES;
				CLANG_WARN_COMMA = YES;
				CLANG_WARN_CONSTANT_CONVERSION = YES;
				CLANG_WARN_DEPRECATED_OBJC_IMPLEMENTATIONS = YES;
				CLANG_WARN_DIRECT_OBJC_ISA_USAGE = YES_ERROR;
				CLANG_WARN_DOCUMENTATION_COMMENTS = YES;
				CLANG_WARN_EMPTY_BODY = YES;
				CLANG_WARN_ENUM_CONVERSION = YES;
				CLANG_WARN_INFINITE_RECURSION = YES;
				CLANG_WARN_INT_CONVERSION = YES;
				CLANG_WARN_NON_LITERAL_NULL_CONVERSION = YES;
				CLANG_WARN_OBJC_IMPLICIT_RETAIN_SELF = YES;
				CLANG_WARN_OBJC_LITERAL_CONVERSION = YES;
				CLANG_WARN_OBJC_ROOT_CLASS = YES_ERROR;
				CLANG_WARN_RANGE_LOOP_ANALYSIS = YES;
				CLANG_WARN_STRICT_PROTOTYPES = YES;
				CLANG_WARN_SUSPICIOUS_MOVE = YES;
				CLANG_WARN_UNGUARDED_AVAILABILITY = YES_AGGRESSIVE;
				CLANG_WARN_UNREACHABLE_CODE = YES;
				CLANG_WARN__DUPLICATE_METHOD_MATCH = YES;
				COPY_PHASE_STRIP = NO;
				DEBUG_INFORMATION_FORMAT = "dwarf-with-dsym";
				ENABLE_NS_ASSERTIONS = NO;
				ENABLE_STRICT_OBJC_MSGSEND = YES;
				GCC_C_LANGUAGE_STANDARD = gnu11;
				GCC_NO_COMMON_BLOCKS = YES;
				GCC_WARN_64_TO_32_BIT_CONVERSION = YES;
				GCC_WARN_ABOUT_RETURN_TYPE = YES_ERROR;
				GCC_WARN_UNDECLARED_SELECTOR = YES;
				GCC_WARN_UNINITIALIZED_AUTOS = YES_AGGRESSIVE;
				GCC_WARN_UNUSED_FUNCTION = YES;
				GCC_WARN_UNUSED_VARIABLE = YES;
				IPHONEOS_DEPLOYMENT_TARGET = 13.2;
				MTL_ENABLE_DEBUG_INFO = NO;
				MTL_FAST_MATH = YES;
				SDKROOT = iphoneos;
				SWIFT_COMPILATION_MODE = wholemodule;
				SWIFT_OPTIMIZATION_LEVEL = "-O";
				VALIDATE_PRODUCT = YES;
			};
			name = Release;
		};
		048E6A2623CCF5D70010BA67 /* Debug */ = {
			isa = XCBuildConfiguration;
			baseConfigurationReference = 2FA1D9CD5902FD21B56661B5 /* Pods-clean-swift-sample.debug.xcconfig */;
			buildSettings = {
				ASSETCATALOG_COMPILER_APPICON_NAME = AppIcon;
				CODE_SIGN_STYLE = Automatic;
				INFOPLIST_FILE = "clean-swift-sample/Info.plist";
				LD_RUNPATH_SEARCH_PATHS = (
					"$(inherited)",
					"@executable_path/Frameworks",
				);
				PRODUCT_BUNDLE_IDENTIFIER = "com.br.wesley.clean-swift-sample";
				PRODUCT_NAME = "$(TARGET_NAME)";
				SWIFT_VERSION = 5.0;
				TARGETED_DEVICE_FAMILY = "1,2";
			};
			name = Debug;
		};
		048E6A2723CCF5D70010BA67 /* Release */ = {
			isa = XCBuildConfiguration;
			baseConfigurationReference = 3CA4A41EA5B243F0FECF8765 /* Pods-clean-swift-sample.release.xcconfig */;
			buildSettings = {
				ASSETCATALOG_COMPILER_APPICON_NAME = AppIcon;
				CODE_SIGN_STYLE = Automatic;
				INFOPLIST_FILE = "clean-swift-sample/Info.plist";
				LD_RUNPATH_SEARCH_PATHS = (
					"$(inherited)",
					"@executable_path/Frameworks",
				);
				PRODUCT_BUNDLE_IDENTIFIER = "com.br.wesley.clean-swift-sample";
				PRODUCT_NAME = "$(TARGET_NAME)";
				SWIFT_VERSION = 5.0;
				TARGETED_DEVICE_FAMILY = "1,2";
			};
			name = Release;
		};
		048E6A2923CCF5D70010BA67 /* Debug */ = {
			isa = XCBuildConfiguration;
			baseConfigurationReference = 3F402F3B51E8A27200DC70A7 /* Pods-clean-swift-sampleTests.debug.xcconfig */;
			buildSettings = {
				ALWAYS_EMBED_SWIFT_STANDARD_LIBRARIES = YES;
				BUNDLE_LOADER = "$(TEST_HOST)";
				CODE_SIGN_STYLE = Automatic;
				INFOPLIST_FILE = "clean-swift-sampleTests/Info.plist";
				IPHONEOS_DEPLOYMENT_TARGET = 13.2;
				LD_RUNPATH_SEARCH_PATHS = (
					"$(inherited)",
					"@executable_path/Frameworks",
					"@loader_path/Frameworks",
				);
				PRODUCT_BUNDLE_IDENTIFIER = "com.br.wesley.clean-swift-sampleTests";
				PRODUCT_NAME = "$(TARGET_NAME)";
				SWIFT_VERSION = 5.0;
				TARGETED_DEVICE_FAMILY = "1,2";
				TEST_HOST = "$(BUILT_PRODUCTS_DIR)/clean-swift-sample.app/clean-swift-sample";
			};
			name = Debug;
		};
		048E6A2A23CCF5D70010BA67 /* Release */ = {
			isa = XCBuildConfiguration;
			baseConfigurationReference = 42009152D58E6F42F3716D9B /* Pods-clean-swift-sampleTests.release.xcconfig */;
			buildSettings = {
				ALWAYS_EMBED_SWIFT_STANDARD_LIBRARIES = YES;
				BUNDLE_LOADER = "$(TEST_HOST)";
				CODE_SIGN_STYLE = Automatic;
				INFOPLIST_FILE = "clean-swift-sampleTests/Info.plist";
				IPHONEOS_DEPLOYMENT_TARGET = 13.2;
				LD_RUNPATH_SEARCH_PATHS = (
					"$(inherited)",
					"@executable_path/Frameworks",
					"@loader_path/Frameworks",
				);
				PRODUCT_BUNDLE_IDENTIFIER = "com.br.wesley.clean-swift-sampleTests";
				PRODUCT_NAME = "$(TARGET_NAME)";
				SWIFT_VERSION = 5.0;
				TARGETED_DEVICE_FAMILY = "1,2";
				TEST_HOST = "$(BUILT_PRODUCTS_DIR)/clean-swift-sample.app/clean-swift-sample";
			};
			name = Release;
		};
		048E6A2C23CCF5D70010BA67 /* Debug */ = {
			isa = XCBuildConfiguration;
			baseConfigurationReference = 1209CC39AFE785E66915EE69 /* Pods-clean-swift-sample-clean-swift-sampleUITests.debug.xcconfig */;
			buildSettings = {
				ALWAYS_EMBED_SWIFT_STANDARD_LIBRARIES = YES;
				CODE_SIGN_STYLE = Automatic;
				INFOPLIST_FILE = "clean-swift-sampleUITests/Info.plist";
				LD_RUNPATH_SEARCH_PATHS = (
					"$(inherited)",
					"@executable_path/Frameworks",
					"@loader_path/Frameworks",
				);
				PRODUCT_BUNDLE_IDENTIFIER = "com.br.wesley.clean-swift-sampleUITests";
				PRODUCT_NAME = "$(TARGET_NAME)";
				SWIFT_VERSION = 5.0;
				TARGETED_DEVICE_FAMILY = "1,2";
				TEST_TARGET_NAME = "clean-swift-sample";
			};
			name = Debug;
		};
		048E6A2D23CCF5D70010BA67 /* Release */ = {
			isa = XCBuildConfiguration;
			baseConfigurationReference = C99B32647F61D69E4258C285 /* Pods-clean-swift-sample-clean-swift-sampleUITests.release.xcconfig */;
			buildSettings = {
				ALWAYS_EMBED_SWIFT_STANDARD_LIBRARIES = YES;
				CODE_SIGN_STYLE = Automatic;
				INFOPLIST_FILE = "clean-swift-sampleUITests/Info.plist";
				LD_RUNPATH_SEARCH_PATHS = (
					"$(inherited)",
					"@executable_path/Frameworks",
					"@loader_path/Frameworks",
				);
				PRODUCT_BUNDLE_IDENTIFIER = "com.br.wesley.clean-swift-sampleUITests";
				PRODUCT_NAME = "$(TARGET_NAME)";
				SWIFT_VERSION = 5.0;
				TARGETED_DEVICE_FAMILY = "1,2";
				TEST_TARGET_NAME = "clean-swift-sample";
			};
			name = Release;
		};
/* End XCBuildConfiguration section */

/* Begin XCConfigurationList section */
		048E69F623CCF5D50010BA67 /* Build configuration list for PBXProject "clean-swift-sample" */ = {
			isa = XCConfigurationList;
			buildConfigurations = (
				048E6A2323CCF5D70010BA67 /* Debug */,
				048E6A2423CCF5D70010BA67 /* Release */,
			);
			defaultConfigurationIsVisible = 0;
			defaultConfigurationName = Release;
		};
		048E6A2523CCF5D70010BA67 /* Build configuration list for PBXNativeTarget "clean-swift-sample" */ = {
			isa = XCConfigurationList;
			buildConfigurations = (
				048E6A2623CCF5D70010BA67 /* Debug */,
				048E6A2723CCF5D70010BA67 /* Release */,
			);
			defaultConfigurationIsVisible = 0;
			defaultConfigurationName = Release;
		};
		048E6A2823CCF5D70010BA67 /* Build configuration list for PBXNativeTarget "clean-swift-sampleTests" */ = {
			isa = XCConfigurationList;
			buildConfigurations = (
				048E6A2923CCF5D70010BA67 /* Debug */,
				048E6A2A23CCF5D70010BA67 /* Release */,
			);
			defaultConfigurationIsVisible = 0;
			defaultConfigurationName = Release;
		};
		048E6A2B23CCF5D70010BA67 /* Build configuration list for PBXNativeTarget "clean-swift-sampleUITests" */ = {
			isa = XCConfigurationList;
			buildConfigurations = (
				048E6A2C23CCF5D70010BA67 /* Debug */,
				048E6A2D23CCF5D70010BA67 /* Release */,
			);
			defaultConfigurationIsVisible = 0;
			defaultConfigurationName = Release;
		};
/* End XCConfigurationList section */
	};
	rootObject = 048E69F323CCF5D50010BA67 /* Project object */;
}
